// !$*UTF8*$!
{
	archiveVersion = 1;
	classes = {
	};
	objectVersion = 46;
	objects = {

/* Begin PBXBuildFile section */
		BD0AB6211BD972AC003FADE9 /* AppDelegate.swift in Sources */ = {isa = PBXBuildFile; fileRef = BD0AB6201BD972AC003FADE9 /* AppDelegate.swift */; };
		BD0AB6231BD972AC003FADE9 /* ViewController.swift in Sources */ = {isa = PBXBuildFile; fileRef = BD0AB6221BD972AC003FADE9 /* ViewController.swift */; };
		BD0AB6261BD972AC003FADE9 /* Main.storyboard in Resources */ = {isa = PBXBuildFile; fileRef = BD0AB6241BD972AC003FADE9 /* Main.storyboard */; };
		BD0AB6281BD972AC003FADE9 /* Assets.xcassets in Resources */ = {isa = PBXBuildFile; fileRef = BD0AB6271BD972AC003FADE9 /* Assets.xcassets */; };
		BD0AB62B1BD972AC003FADE9 /* LaunchScreen.storyboard in Resources */ = {isa = PBXBuildFile; fileRef = BD0AB6291BD972AC003FADE9 /* LaunchScreen.storyboard */; };
/* End PBXBuildFile section */

/* Begin PBXFileReference section */
		BD0AB61D1BD972AC003FADE9 /* wikime.app */ = {isa = PBXFileReference; explicitFileType = wrapper.application; includeInIndex = 0; path = wikime.app; sourceTree = BUILT_PRODUCTS_DIR; };
		BD0AB6201BD972AC003FADE9 /* AppDelegate.swift */ = {isa = PBXFileReference; lastKnownFileType = sourcecode.swift; path = AppDelegate.swift; sourceTree = "<group>"; };
		BD0AB6221BD972AC003FADE9 /* ViewController.swift */ = {isa = PBXFileReference; lastKnownFileType = sourcecode.swift; path = ViewController.swift; sourceTree = "<group>"; };
		BD0AB6251BD972AC003FADE9 /* Base */ = {isa = PBXFileReference; lastKnownFileType = file.storyboard; name = Base; path = Base.lproj/Main.storyboard; sourceTree = "<group>"; };
		BD0AB6271BD972AC003FADE9 /* Assets.xcassets */ = {isa = PBXFileReference; lastKnownFileType = folder.assetcatalog; path = Assets.xcassets; sourceTree = "<group>"; };
		BD0AB62A1BD972AC003FADE9 /* Base */ = {isa = PBXFileReference; lastKnownFileType = file.storyboard; name = Base; path = Base.lproj/LaunchScreen.storyboard; sourceTree = "<group>"; };
		BD0AB62C1BD972AC003FADE9 /* Info.plist */ = {isa = PBXFileReference; lastKnownFileType = text.plist.xml; path = Info.plist; sourceTree = "<group>"; };
/* End PBXFileReference section */

/* Begin PBXFrameworksBuildPhase section */
		BD0AB61A1BD972AC003FADE9 /* Frameworks */ = {
			isa = PBXFrameworksBuildPhase;
			buildActionMask = 2147483647;
			files = (
			);
			runOnlyForDeploymentPostprocessing = 0;
		};
/* End PBXFrameworksBuildPhase section */

/* Begin PBXGroup section */
		BD0AB6141BD972AC003FADE9 = {
			isa = PBXGroup;
			children = (
				BD0AB61F1BD972AC003FADE9 /* wikime */,
				BD0AB61E1BD972AC003FADE9 /* Products */,
			);
			sourceTree = "<group>";
		};
		BD0AB61E1BD972AC003FADE9 /* Products */ = {
			isa = PBXGroup;
			children = (
				BD0AB61D1BD972AC003FADE9 /* wikime.app */,
			);
			name = Products;
			sourceTree = "<group>";
		};
		BD0AB61F1BD972AC003FADE9 /* wikime */ = {
			isa = PBXGroup;
			children = (
				BD0AB6201BD972AC003FADE9 /* AppDelegate.swift */,
				BD0AB6221BD972AC003FADE9 /* ViewController.swift */,
				BD0AB6241BD972AC003FADE9 /* Main.storyboard */,
				BD0AB6271BD972AC003FADE9 /* Assets.xcassets */,
				BD0AB6291BD972AC003FADE9 /* LaunchScreen.storyboard */,
				BD0AB62C1BD972AC003FADE9 /* Info.plist */,
			);
			path = wikime;
			sourceTree = "<group>";
		};
/* End PBXGroup section */

/* Begin PBXNativeTarget section */
		BD0AB61C1BD972AC003FADE9 /* wikime */ = {
			isa = PBXNativeTarget;
			buildConfigurationList = BD0AB62F1BD972AC003FADE9 /* Build configuration list for PBXNativeTarget "wikime" */;
			buildPhases = (
				BD0AB6191BD972AC003FADE9 /* Sources */,
				BD0AB61A1BD972AC003FADE9 /* Frameworks */,
				BD0AB61B1BD972AC003FADE9 /* Resources */,
			);
			buildRules = (
			);
			dependencies = (
			);
			name = wikime;
			productName = wikime;
			productReference = BD0AB61D1BD972AC003FADE9 /* wikime.app */;
			productType = "com.apple.product-type.application";
		};
/* End PBXNativeTarget section */

/* Begin PBXProject section */
		BD0AB6151BD972AC003FADE9 /* Project object */ = {
			isa = PBXProject;
			attributes = {
				LastUpgradeCheck = 0700;
				ORGANIZATIONNAME = "Aaron Boswell";
				TargetAttributes = {
					BD0AB61C1BD972AC003FADE9 = {
						CreatedOnToolsVersion = 7.0;
					};
				};
			};
			buildConfigurationList = BD0AB6181BD972AC003FADE9 /* Build configuration list for PBXProject "wikime" */;
			compatibilityVersion = "Xcode 3.2";
			developmentRegion = English;
			hasScannedForEncodings = 0;
			knownRegions = (
				en,
				Base,
			);
			mainGroup = BD0AB6141BD972AC003FADE9;
			productRefGroup = BD0AB61E1BD972AC003FADE9 /* Products */;
			projectDirPath = "";
			projectRoot = "";
			targets = (
				BD0AB61C1BD972AC003FADE9 /* wikime */,
			);
		};
/* End PBXProject section */

/* Begin PBXResourcesBuildPhase section */
		BD0AB61B1BD972AC003FADE9 /* Resources */ = {
			isa = PBXResourcesBuildPhase;
			buildActionMask = 2147483647;
			files = (
				BD0AB62B1BD972AC003FADE9 /* LaunchScreen.storyboard in Resources */,
				BD0AB6281BD972AC003FADE9 /* Assets.xcassets in Resources */,
				BD0AB6261BD972AC003FADE9 /* Main.storyboard in Resources */,
			);
			runOnlyForDeploymentPostprocessing = 0;
		};
/* End PBXResourcesBuildPhase section */

/* Begin PBXSourcesBuildPhase section */
		BD0AB6191BD972AC003FADE9 /* Sources */ = {
			isa = PBXSourcesBuildPhase;
			buildActionMask = 2147483647;
			files = (
				BD0AB6231BD972AC003FADE9 /* ViewController.swift in Sources */,
				BD0AB6211BD972AC003FADE9 /* AppDelegate.swift in Sources */,
			);
			runOnlyForDeploymentPostprocessing = 0;
		};
/* End PBXSourcesBuildPhase section */

/* Begin PBXVariantGroup section */
		BD0AB6241BD972AC003FADE9 /* Main.storyboard */ = {
			isa = PBXVariantGroup;
			children = (
				BD0AB6251BD972AC003FADE9 /* Base */,
			);
			name = Main.storyboard;
			sourceTree = "<group>";
		};
		BD0AB6291BD972AC003FADE9 /* LaunchScreen.storyboard */ = {
			isa = PBXVariantGroup;
			children = (
				BD0AB62A1BD972AC003FADE9 /* Base */,
			);
			name = LaunchScreen.storyboard;
			sourceTree = "<group>";
		};
/* End PBXVariantGroup section */

/* Begin XCBuildConfiguration section */
		BD0AB62D1BD972AC003FADE9 /* Debug */ = {
			isa = XCBuildConfiguration;
			buildSettings = {
				ALWAYS_SEARCH_USER_PATHS = NO;
				CLANG_CXX_LANGUAGE_STANDARD = "gnu++0x";
				CLANG_CXX_LIBRARY = "libc++";
				CLANG_ENABLE_MODULES = YES;
				CLANG_ENABLE_OBJC_ARC = YES;
				CLANG_WARN_BOOL_CONVERSION = YES;
				CLANG_WARN_CONSTANT_CONVERSION = YES;
				CLANG_WARN_DIRECT_OBJC_ISA_USAGE = YES_ERROR;
				CLANG_WARN_EMPTY_BODY = YES;
				CLANG_WARN_ENUM_CONVERSION = YES;
				CLANG_WARN_INT_CONVERSION = YES;
				CLANG_WARN_OBJC_ROOT_CLASS = YES_ERROR;
				CLANG_WARN_UNREACHABLE_CODE = YES;
				CLANG_WARN__DUPLICATE_METHOD_MATCH = YES;
				"CODE_SIGN_IDENTITY[sdk=iphoneos*]" = "iPhone Developer";
				COPY_PHASE_STRIP = NO;
				DEBUG_INFORMATION_FORMAT = dwarf;
				ENABLE_STRICT_OBJC_MSGSEND = YES;
				ENABLE_TESTABILITY = YES;
				GCC_C_LANGUAGE_STANDARD = gnu99;
				GCC_DYNAMIC_NO_PIC = NO;
				GCC_NO_COMMON_BLOCKS = YES;
				GCC_OPTIMIZATION_LEVEL = 0;
				GCC_PREPROCESSOR_DEFINITIONS = (
					"DEBUG=1",
					"$(inherited)",
				);
				GCC_WARN_64_TO_32_BIT_CONVERSION = YES;
				GCC_WARN_ABOUT_RETURN_TYPE = YES_ERROR;
				GCC_WARN_UNDECLARED_SELECTOR = YES;
				GCC_WARN_UNINITIALIZED_AUTOS = YES_AGGRESSIVE;
				GCC_WARN_UNUSED_FUNCTION = YES;
				GCC_WARN_UNUSED_VARIABLE = YES;
				IPHONEOS_DEPLOYMENT_TARGET = 9.0;
				MTL_ENABLE_DEBUG_INFO = YES;
				ONLY_ACTIVE_ARCH = YES;
				SDKROOT = iphoneos;
				SWIFT_OPTIMIZATION_LEVEL = "-Onone";
				TARGETED_DEVICE_FAMILY = "1,2";
			};
			name = Debug;
		};
		BD0AB62E1BD972AC003FADE9 /* Release */ = {
			isa = XCBuildConfiguration;
			buildSettings = {
				ALWAYS_SEARCH_USER_PATHS = NO;
				CLANG_CXX_LANGUAGE_STANDARD = "gnu++0x";
				CLANG_CXX_LIBRARY = "libc++";
				CLANG_ENABLE_MODULES = YES;
				CLANG_ENABLE_OBJC_ARC = YES;
				CLANG_WARN_BOOL_CONVERSION = YES;
				CLANG_WARN_CONSTANT_CONVERSION = YES;
				CLANG_WARN_DIRECT_OBJC_ISA_USAGE = YES_ERROR;
				CLANG_WARN_EMPTY_BODY = YES;
				CLANG_WARN_ENUM_CONVERSION = YES;
				CLANG_WARN_INT_CONVERSION = YES;
				CLANG_WARN_OBJC_ROOT_CLASS = YES_ERROR;
				CLANG_WARN_UNREACHABLE_CODE = YES;
				CLANG_WARN__DUPLICATE_METHOD_MATCH = YES;
				"CODE_SIGN_IDENTITY[sdk=iphoneos*]" = "iPhone Developer";
				COPY_PHASE_STRIP = NO;
				DEBUG_INFORMATION_FORMAT = "dwarf-with-dsym";
				ENABLE_NS_ASSERTIONS = NO;
				ENABLE_STRICT_OBJC_MSGSEND = YES;
				GCC_C_LANGUAGE_STANDARD = gnu99;
				GCC_NO_COMMON_BLOCKS = YES;
				GCC_WARN_64_TO_32_BIT_CONVERSION = YES;
				GCC_WARN_ABOUT_RETURN_TYPE = YES_ERROR;
				GCC_WARN_UNDECLARED_SELECTOR = YES;
				GCC_WARN_UNINITIALIZED_AUTOS = YES_AGGRESSIVE;
				GCC_WARN_UNUSED_FUNCTION = YES;
				GCC_WARN_UNUSED_VARIABLE = YES;
				IPHONEOS_DEPLOYMENT_TARGET = 9.0;
				MTL_ENABLE_DEBUG_INFO = NO;
				SDKROOT = iphoneos;
				TARGETED_DEVICE_FAMILY = "1,2";
				VALIDATE_PRODUCT = YES;
			};
			name = Release;
		};
		BD0AB6301BD972AC003FADE9 /* Debug */ = {
			isa = XCBuildConfiguration;
			buildSettings = {
				ASSETCATALOG_COMPILER_APPICON_NAME = AppIcon;
				INFOPLIST_FILE = wikime/Info.plist;
				LD_RUNPATH_SEARCH_PATHS = "$(inherited) @executable_path/Frameworks";
				PRODUCT_BUNDLE_IDENTIFIER = company.wikime;
				PRODUCT_NAME = "$(TARGET_NAME)";
			};
			name = Debug;
		};
		BD0AB6311BD972AC003FADE9 /* Release */ = {
			isa = XCBuildConfiguration;
			buildSettings = {
				ASSETCATALOG_COMPILER_APPICON_NAME = AppIcon;
				INFOPLIST_FILE = wikime/Info.plist;
				LD_RUNPATH_SEARCH_PATHS = "$(inherited) @executable_path/Frameworks";
				PRODUCT_BUNDLE_IDENTIFIER = company.wikime;
				PRODUCT_NAME = "$(TARGET_NAME)";
			};
			name = Release;
		};
/* End XCBuildConfiguration section */

/* Begin XCConfigurationList section */
		BD0AB6181BD972AC003FADE9 /* Build configuration list for PBXProject "wikime" */ = {
			isa = XCConfigurationList;
			buildConfigurations = (
				BD0AB62D1BD972AC003FADE9 /* Debug */,
				BD0AB62E1BD972AC003FADE9 /* Release */,
			);
			defaultConfigurationIsVisible = 0;
			defaultConfigurationName = Release;
		};
		BD0AB62F1BD972AC003FADE9 /* Build configuration list for PBXNativeTarget "wikime" */ = {
			isa = XCConfigurationList;
			buildConfigurations = (
				BD0AB6301BD972AC003FADE9 /* Debug */,
				BD0AB6311BD972AC003FADE9 /* Release */,
			);
			defaultConfigurationIsVisible = 0;
		};
/* End XCConfigurationList section */
	};
	rootObject = BD0AB6151BD972AC003FADE9 /* Project object */;
}
